// !$*UTF8*$!
{
	archiveVersion = 1;
	classes = {
	};
	objectVersion = 46;
	objects = {

/* Begin PBXBuildFile section */
		8B6235B11CA1079B000EA32E /* AppDelegate.swift in Sources */ = {isa = PBXBuildFile; fileRef = 8B6235B01CA1079B000EA32E /* AppDelegate.swift */; };
		8B6235B31CA1079B000EA32E /* ViewController.swift in Sources */ = {isa = PBXBuildFile; fileRef = 8B6235B21CA1079B000EA32E /* ViewController.swift */; };
		8B6235B51CA1079B000EA32E /* Assets.xcassets in Resources */ = {isa = PBXBuildFile; fileRef = 8B6235B41CA1079B000EA32E /* Assets.xcassets */; };
		8B6235B81CA1079B000EA32E /* Main.storyboard in Resources */ = {isa = PBXBuildFile; fileRef = 8B6235B61CA1079B000EA32E /* Main.storyboard */; };
		8B6235C31CA1079B000EA32E /* PlistBuddyTests.swift in Sources */ = {isa = PBXBuildFile; fileRef = 8B6235C21CA1079B000EA32E /* PlistBuddyTests.swift */; };
		8B6235CE1CA1079B000EA32E /* PlistBuddyUITests.swift in Sources */ = {isa = PBXBuildFile; fileRef = 8B6235CD1CA1079B000EA32E /* PlistBuddyUITests.swift */; };
/* End PBXBuildFile section */

/* Begin PBXContainerItemProxy section */
		8B6235BF1CA1079B000EA32E /* PBXContainerItemProxy */ = {
			isa = PBXContainerItemProxy;
			containerPortal = 8B6235A51CA1079B000EA32E /* Project object */;
			proxyType = 1;
			remoteGlobalIDString = 8B6235AC1CA1079B000EA32E;
			remoteInfo = PlistBuddy;
		};
		8B6235CA1CA1079B000EA32E /* PBXContainerItemProxy */ = {
			isa = PBXContainerItemProxy;
			containerPortal = 8B6235A51CA1079B000EA32E /* Project object */;
			proxyType = 1;
			remoteGlobalIDString = 8B6235AC1CA1079B000EA32E;
			remoteInfo = PlistBuddy;
		};
/* End PBXContainerItemProxy section */

/* Begin PBXFileReference section */
		8B6235AD1CA1079B000EA32E /* PlistBuddy.app */ = {isa = PBXFileReference; explicitFileType = wrapper.application; includeInIndex = 0; path = PlistBuddy.app; sourceTree = BUILT_PRODUCTS_DIR; };
		8B6235B01CA1079B000EA32E /* AppDelegate.swift */ = {isa = PBXFileReference; lastKnownFileType = sourcecode.swift; path = AppDelegate.swift; sourceTree = "<group>"; };
		8B6235B21CA1079B000EA32E /* ViewController.swift */ = {isa = PBXFileReference; lastKnownFileType = sourcecode.swift; path = ViewController.swift; sourceTree = "<group>"; };
		8B6235B41CA1079B000EA32E /* Assets.xcassets */ = {isa = PBXFileReference; lastKnownFileType = folder.assetcatalog; path = Assets.xcassets; sourceTree = "<group>"; };
		8B6235B71CA1079B000EA32E /* Base */ = {isa = PBXFileReference; lastKnownFileType = file.storyboard; name = Base; path = Base.lproj/Main.storyboard; sourceTree = "<group>"; };
		8B6235B91CA1079B000EA32E /* Info.plist */ = {isa = PBXFileReference; lastKnownFileType = text.plist.xml; path = Info.plist; sourceTree = "<group>"; };
		8B6235BE1CA1079B000EA32E /* PlistBuddyTests.xctest */ = {isa = PBXFileReference; explicitFileType = wrapper.cfbundle; includeInIndex = 0; path = PlistBuddyTests.xctest; sourceTree = BUILT_PRODUCTS_DIR; };
		8B6235C21CA1079B000EA32E /* PlistBuddyTests.swift */ = {isa = PBXFileReference; lastKnownFileType = sourcecode.swift; path = PlistBuddyTests.swift; sourceTree = "<group>"; };
		8B6235C41CA1079B000EA32E /* Info.plist */ = {isa = PBXFileReference; lastKnownFileType = text.plist.xml; path = Info.plist; sourceTree = "<group>"; };
		8B6235C91CA1079B000EA32E /* PlistBuddyUITests.xctest */ = {isa = PBXFileReference; explicitFileType = wrapper.cfbundle; includeInIndex = 0; path = PlistBuddyUITests.xctest; sourceTree = BUILT_PRODUCTS_DIR; };
		8B6235CD1CA1079B000EA32E /* PlistBuddyUITests.swift */ = {isa = PBXFileReference; lastKnownFileType = sourcecode.swift; path = PlistBuddyUITests.swift; sourceTree = "<group>"; };
		8B6235CF1CA1079B000EA32E /* Info.plist */ = {isa = PBXFileReference; lastKnownFileType = text.plist.xml; path = Info.plist; sourceTree = "<group>"; };
/* End PBXFileReference section */

/* Begin PBXFrameworksBuildPhase section */
		8B6235AA1CA1079B000EA32E /* Frameworks */ = {
			isa = PBXFrameworksBuildPhase;
			buildActionMask = 2147483647;
			files = (
			);
			runOnlyForDeploymentPostprocessing = 0;
		};
		8B6235BB1CA1079B000EA32E /* Frameworks */ = {
			isa = PBXFrameworksBuildPhase;
			buildActionMask = 2147483647;
			files = (
			);
			runOnlyForDeploymentPostprocessing = 0;
		};
		8B6235C61CA1079B000EA32E /* Frameworks */ = {
			isa = PBXFrameworksBuildPhase;
			buildActionMask = 2147483647;
			files = (
			);
			runOnlyForDeploymentPostprocessing = 0;
		};
/* End PBXFrameworksBuildPhase section */

/* Begin PBXGroup section */
		8B6235A41CA1079B000EA32E = {
			isa = PBXGroup;
			children = (
				8B6235AF1CA1079B000EA32E /* PlistBuddy */,
				8B6235C11CA1079B000EA32E /* PlistBuddyTests */,
				8B6235CC1CA1079B000EA32E /* PlistBuddyUITests */,
				8B6235AE1CA1079B000EA32E /* Products */,
			);
			sourceTree = "<group>";
		};
		8B6235AE1CA1079B000EA32E /* Products */ = {
			isa = PBXGroup;
			children = (
				8B6235AD1CA1079B000EA32E /* PlistBuddy.app */,
				8B6235BE1CA1079B000EA32E /* PlistBuddyTests.xctest */,
				8B6235C91CA1079B000EA32E /* PlistBuddyUITests.xctest */,
			);
			name = Products;
			sourceTree = "<group>";
		};
		8B6235AF1CA1079B000EA32E /* PlistBuddy */ = {
			isa = PBXGroup;
			children = (
				8B6235B01CA1079B000EA32E /* AppDelegate.swift */,
				8B6235B21CA1079B000EA32E /* ViewController.swift */,
				8B6235B41CA1079B000EA32E /* Assets.xcassets */,
				8B6235B61CA1079B000EA32E /* Main.storyboard */,
				8B6235B91CA1079B000EA32E /* Info.plist */,
			);
			path = PlistBuddy;
			sourceTree = "<group>";
		};
		8B6235C11CA1079B000EA32E /* PlistBuddyTests */ = {
			isa = PBXGroup;
			children = (
				8B6235C21CA1079B000EA32E /* PlistBuddyTests.swift */,
				8B6235C41CA1079B000EA32E /* Info.plist */,
			);
			path = PlistBuddyTests;
			sourceTree = "<group>";
		};
		8B6235CC1CA1079B000EA32E /* PlistBuddyUITests */ = {
			isa = PBXGroup;
			children = (
				8B6235CD1CA1079B000EA32E /* PlistBuddyUITests.swift */,
				8B6235CF1CA1079B000EA32E /* Info.plist */,
			);
			path = PlistBuddyUITests;
			sourceTree = "<group>";
		};
/* End PBXGroup section */

/* Begin PBXNativeTarget section */
		8B6235AC1CA1079B000EA32E /* PlistBuddy */ = {
			isa = PBXNativeTarget;
			buildConfigurationList = 8B6235D21CA1079B000EA32E /* Build configuration list for PBXNativeTarget "PlistBuddy" */;
			buildPhases = (
				8B6235A91CA1079B000EA32E /* Sources */,
				8B6235AA1CA1079B000EA32E /* Frameworks */,
				8B6235AB1CA1079B000EA32E /* Resources */,
			);
			buildRules = (
			);
			dependencies = (
			);
			name = PlistBuddy;
			productName = PlistBuddy;
			productReference = 8B6235AD1CA1079B000EA32E /* PlistBuddy.app */;
			productType = "com.apple.product-type.application";
		};
		8B6235BD1CA1079B000EA32E /* PlistBuddyTests */ = {
			isa = PBXNativeTarget;
			buildConfigurationList = 8B6235D51CA1079B000EA32E /* Build configuration list for PBXNativeTarget "PlistBuddyTests" */;
			buildPhases = (
				8B6235BA1CA1079B000EA32E /* Sources */,
				8B6235BB1CA1079B000EA32E /* Frameworks */,
				8B6235BC1CA1079B000EA32E /* Resources */,
			);
			buildRules = (
			);
			dependencies = (
				8B6235C01CA1079B000EA32E /* PBXTargetDependency */,
			);
			name = PlistBuddyTests;
			productName = PlistBuddyTests;
			productReference = 8B6235BE1CA1079B000EA32E /* PlistBuddyTests.xctest */;
			productType = "com.apple.product-type.bundle.unit-test";
		};
		8B6235C81CA1079B000EA32E /* PlistBuddyUITests */ = {
			isa = PBXNativeTarget;
			buildConfigurationList = 8B6235D81CA1079B000EA32E /* Build configuration list for PBXNativeTarget "PlistBuddyUITests" */;
			buildPhases = (
				8B6235C51CA1079B000EA32E /* Sources */,
				8B6235C61CA1079B000EA32E /* Frameworks */,
				8B6235C71CA1079B000EA32E /* Resources */,
			);
			buildRules = (
			);
			dependencies = (
				8B6235CB1CA1079B000EA32E /* PBXTargetDependency */,
			);
			name = PlistBuddyUITests;
			productName = PlistBuddyUITests;
			productReference = 8B6235C91CA1079B000EA32E /* PlistBuddyUITests.xctest */;
			productType = "com.apple.product-type.bundle.ui-testing";
		};
/* End PBXNativeTarget section */

/* Begin PBXProject section */
		8B6235A51CA1079B000EA32E /* Project object */ = {
			isa = PBXProject;
			attributes = {
				LastSwiftUpdateCheck = 0720;
				LastUpgradeCheck = 0720;
				ORGANIZATIONNAME = "Eric Chen";
				TargetAttributes = {
					8B6235AC1CA1079B000EA32E = {
						CreatedOnToolsVersion = 7.2.1;
					};
					8B6235BD1CA1079B000EA32E = {
						CreatedOnToolsVersion = 7.2.1;
						TestTargetID = 8B6235AC1CA1079B000EA32E;
					};
					8B6235C81CA1079B000EA32E = {
						CreatedOnToolsVersion = 7.2.1;
						TestTargetID = 8B6235AC1CA1079B000EA32E;
					};
				};
			};
			buildConfigurationList = 8B6235A81CA1079B000EA32E /* Build configuration list for PBXProject "PlistBuddy" */;
			compatibilityVersion = "Xcode 3.2";
			developmentRegion = English;
			hasScannedForEncodings = 0;
			knownRegions = (
				en,
				Base,
			);
			mainGroup = 8B6235A41CA1079B000EA32E;
			productRefGroup = 8B6235AE1CA1079B000EA32E /* Products */;
			projectDirPath = "";
			projectRoot = "";
			targets = (
				8B6235AC1CA1079B000EA32E /* PlistBuddy */,
				8B6235BD1CA1079B000EA32E /* PlistBuddyTests */,
				8B6235C81CA1079B000EA32E /* PlistBuddyUITests */,
			);
		};
/* End PBXProject section */

/* Begin PBXResourcesBuildPhase section */
		8B6235AB1CA1079B000EA32E /* Resources */ = {
			isa = PBXResourcesBuildPhase;
			buildActionMask = 2147483647;
			files = (
				8B6235B51CA1079B000EA32E /* Assets.xcassets in Resources */,
				8B6235B81CA1079B000EA32E /* Main.storyboard in Resources */,
			);
			runOnlyForDeploymentPostprocessing = 0;
		};
		8B6235BC1CA1079B000EA32E /* Resources */ = {
			isa = PBXResourcesBuildPhase;
			buildActionMask = 2147483647;
			files = (
			);
			runOnlyForDeploymentPostprocessing = 0;
		};
		8B6235C71CA1079B000EA32E /* Resources */ = {
			isa = PBXResourcesBuildPhase;
			buildActionMask = 2147483647;
			files = (
			);
			runOnlyForDeploymentPostprocessing = 0;
		};
/* End PBXResourcesBuildPhase section */

/* Begin PBXSourcesBuildPhase section */
		8B6235A91CA1079B000EA32E /* Sources */ = {
			isa = PBXSourcesBuildPhase;
			buildActionMask = 2147483647;
			files = (
				8B6235B31CA1079B000EA32E /* ViewController.swift in Sources */,
				8B6235B11CA1079B000EA32E /* AppDelegate.swift in Sources */,
			);
			runOnlyForDeploymentPostprocessing = 0;
		};
		8B6235BA1CA1079B000EA32E /* Sources */ = {
			isa = PBXSourcesBuildPhase;
			buildActionMask = 2147483647;
			files = (
				8B6235C31CA1079B000EA32E /* PlistBuddyTests.swift in Sources */,
			);
			runOnlyForDeploymentPostprocessing = 0;
		};
		8B6235C51CA1079B000EA32E /* Sources */ = {
			isa = PBXSourcesBuildPhase;
			buildActionMask = 2147483647;
			files = (
				8B6235CE1CA1079B000EA32E /* PlistBuddyUITests.swift in Sources */,
			);
			runOnlyForDeploymentPostprocessing = 0;
		};
/* End PBXSourcesBuildPhase section */

/* Begin PBXTargetDependency section */
		8B6235C01CA1079B000EA32E /* PBXTargetDependency */ = {
			isa = PBXTargetDependency;
			target = 8B6235AC1CA1079B000EA32E /* PlistBuddy */;
			targetProxy = 8B6235BF1CA1079B000EA32E /* PBXContainerItemProxy */;
		};
		8B6235CB1CA1079B000EA32E /* PBXTargetDependency */ = {
			isa = PBXTargetDependency;
			target = 8B6235AC1CA1079B000EA32E /* PlistBuddy */;
			targetProxy = 8B6235CA1CA1079B000EA32E /* PBXContainerItemProxy */;
		};
/* End PBXTargetDependency section */

/* Begin PBXVariantGroup section */
		8B6235B61CA1079B000EA32E /* Main.storyboard */ = {
			isa = PBXVariantGroup;
			children = (
				8B6235B71CA1079B000EA32E /* Base */,
			);
			name = Main.storyboard;
			sourceTree = "<group>";
		};
/* End PBXVariantGroup section */

/* Begin XCBuildConfiguration section */
		8B6235D01CA1079B000EA32E /* Debug */ = {
			isa = XCBuildConfiguration;
			buildSettings = {
				ALWAYS_SEARCH_USER_PATHS = NO;
				CLANG_CXX_LANGUAGE_STANDARD = "gnu++0x";
				CLANG_CXX_LIBRARY = "libc++";
				CLANG_ENABLE_MODULES = YES;
				CLANG_ENABLE_OBJC_ARC = YES;
				CLANG_WARN_BOOL_CONVERSION = YES;
				CLANG_WARN_CONSTANT_CONVERSION = YES;
				CLANG_WARN_DIRECT_OBJC_ISA_USAGE = YES_ERROR;
				CLANG_WARN_EMPTY_BODY = YES;
				CLANG_WARN_ENUM_CONVERSION = YES;
				CLANG_WARN_INT_CONVERSION = YES;
				CLANG_WARN_OBJC_ROOT_CLASS = YES_ERROR;
				CLANG_WARN_UNREACHABLE_CODE = YES;
				CLANG_WARN__DUPLICATE_METHOD_MATCH = YES;
				CODE_SIGN_IDENTITY = "-";
				COPY_PHASE_STRIP = NO;
				DEBUG_INFORMATION_FORMAT = dwarf;
				ENABLE_STRICT_OBJC_MSGSEND = YES;
				ENABLE_TESTABILITY = YES;
				GCC_C_LANGUAGE_STANDARD = gnu99;
				GCC_DYNAMIC_NO_PIC = NO;
				GCC_NO_COMMON_BLOCKS = YES;
				GCC_OPTIMIZATION_LEVEL = 0;
				GCC_PREPROCESSOR_DEFINITIONS = (
					"DEBUG=1",
					"$(inherited)",
				);
				GCC_WARN_64_TO_32_BIT_CONVERSION = YES;
				GCC_WARN_ABOUT_RETURN_TYPE = YES_ERROR;
				GCC_WARN_UNDECLARED_SELECTOR = YES;
				GCC_WARN_UNINITIALIZED_AUTOS = YES_AGGRESSIVE;
				GCC_WARN_UNUSED_FUNCTION = YES;
				GCC_WARN_UNUSED_VARIABLE = YES;
				MACOSX_DEPLOYMENT_TARGET = 10.11;
				MTL_ENABLE_DEBUG_INFO = YES;
				ONLY_ACTIVE_ARCH = YES;
				SDKROOT = macosx;
				SWIFT_OPTIMIZATION_LEVEL = "-Onone";
			};
			name = Debug;
		};
		8B6235D11CA1079B000EA32E /* Release */ = {
			isa = XCBuildConfiguration;
			buildSettings = {
				ALWAYS_SEARCH_USER_PATHS = NO;
				CLANG_CXX_LANGUAGE_STANDARD = "gnu++0x";
				CLANG_CXX_LIBRARY = "libc++";
				CLANG_ENABLE_MODULES = YES;
				CLANG_ENABLE_OBJC_ARC = YES;
				CLANG_WARN_BOOL_CONVERSION = YES;
				CLANG_WARN_CONSTANT_CONVERSION = YES;
				CLANG_WARN_DIRECT_OBJC_ISA_USAGE = YES_ERROR;
				CLANG_WARN_EMPTY_BODY = YES;
				CLANG_WARN_ENUM_CONVERSION = YES;
				CLANG_WARN_INT_CONVERSION = YES;
				CLANG_WARN_OBJC_ROOT_CLASS = YES_ERROR;
				CLANG_WARN_UNREACHABLE_CODE = YES;
				CLANG_WARN__DUPLICATE_METHOD_MATCH = YES;
				CODE_SIGN_IDENTITY = "-";
				COPY_PHASE_STRIP = NO;
				DEBUG_INFORMATION_FORMAT = "dwarf-with-dsym";
				ENABLE_NS_ASSERTIONS = NO;
				ENABLE_STRICT_OBJC_MSGSEND = YES;
				GCC_C_LANGUAGE_STANDARD = gnu99;
				GCC_NO_COMMON_BLOCKS = YES;
				GCC_WARN_64_TO_32_BIT_CONVERSION = YES;
				GCC_WARN_ABOUT_RETURN_TYPE = YES_ERROR;
				GCC_WARN_UNDECLARED_SELECTOR = YES;
				GCC_WARN_UNINITIALIZED_AUTOS = YES_AGGRESSIVE;
				GCC_WARN_UNUSED_FUNCTION = YES;
				GCC_WARN_UNUSED_VARIABLE = YES;
				MACOSX_DEPLOYMENT_TARGET = 10.11;
				MTL_ENABLE_DEBUG_INFO = NO;
				SDKROOT = macosx;
			};
			name = Release;
		};
		8B6235D31CA1079B000EA32E /* Debug */ = {
			isa = XCBuildConfiguration;
			buildSettings = {
				ASSETCATALOG_COMPILER_APPICON_NAME = AppIcon;
				COMBINE_HIDPI_IMAGES = YES;
				INFOPLIST_FILE = PlistBuddy/Info.plist;
				LD_RUNPATH_SEARCH_PATHS = "$(inherited) @executable_path/../Frameworks";
				PRODUCT_BUNDLE_IDENTIFIER = bcgdv.PlistBuddy;
				PRODUCT_NAME = "$(TARGET_NAME)";
			};
			name = Debug;
		};
		8B6235D41CA1079B000EA32E /* Release */ = {
			isa = XCBuildConfiguration;
			buildSettings = {
				ASSETCATALOG_COMPILER_APPICON_NAME = AppIcon;
				COMBINE_HIDPI_IMAGES = YES;
				INFOPLIST_FILE = PlistBuddy/Info.plist;
				LD_RUNPATH_SEARCH_PATHS = "$(inherited) @executable_path/../Frameworks";
				PRODUCT_BUNDLE_IDENTIFIER = bcgdv.PlistBuddy;
				PRODUCT_NAME = "$(TARGET_NAME)";
			};
			name = Release;
		};
		8B6235D61CA1079B000EA32E /* Debug */ = {
			isa = XCBuildConfiguration;
			buildSettings = {
				BUNDLE_LOADER = "$(TEST_HOST)";
				COMBINE_HIDPI_IMAGES = YES;
				INFOPLIST_FILE = PlistBuddyTests/Info.plist;
				LD_RUNPATH_SEARCH_PATHS = "$(inherited) @executable_path/../Frameworks @loader_path/../Frameworks";
				PRODUCT_BUNDLE_IDENTIFIER = bcgdv.PlistBuddyTests;
				PRODUCT_NAME = "$(TARGET_NAME)";
				TEST_HOST = "$(BUILT_PRODUCTS_DIR)/PlistBuddy.app/Contents/MacOS/PlistBuddy";
			};
			name = Debug;
		};
		8B6235D71CA1079B000EA32E /* Release */ = {
			isa = XCBuildConfiguration;
			buildSettings = {
				BUNDLE_LOADER = "$(TEST_HOST)";
				COMBINE_HIDPI_IMAGES = YES;
				INFOPLIST_FILE = PlistBuddyTests/Info.plist;
				LD_RUNPATH_SEARCH_PATHS = "$(inherited) @executable_path/../Frameworks @loader_path/../Frameworks";
				PRODUCT_BUNDLE_IDENTIFIER = bcgdv.PlistBuddyTests;
				PRODUCT_NAME = "$(TARGET_NAME)";
				TEST_HOST = "$(BUILT_PRODUCTS_DIR)/PlistBuddy.app/Contents/MacOS/PlistBuddy";
			};
			name = Release;
		};
		8B6235D91CA1079B000EA32E /* Debug */ = {
			isa = XCBuildConfiguration;
			buildSettings = {
				COMBINE_HIDPI_IMAGES = YES;
				INFOPLIST_FILE = PlistBuddyUITests/Info.plist;
				LD_RUNPATH_SEARCH_PATHS = "$(inherited) @executable_path/../Frameworks @loader_path/../Frameworks";
				PRODUCT_BUNDLE_IDENTIFIER = bcgdv.PlistBuddyUITests;
				PRODUCT_NAME = "$(TARGET_NAME)";
				TEST_TARGET_NAME = PlistBuddy;
				USES_XCTRUNNER = YES;
			};
			name = Debug;
		};
		8B6235DA1CA1079B000EA32E /* Release */ = {
			isa = XCBuildConfiguration;
			buildSettings = {
				COMBINE_HIDPI_IMAGES = YES;
				INFOPLIST_FILE = PlistBuddyUITests/Info.plist;
				LD_RUNPATH_SEARCH_PATHS = "$(inherited) @executable_path/../Frameworks @loader_path/../Frameworks";
				PRODUCT_BUNDLE_IDENTIFIER = bcgdv.PlistBuddyUITests;
				PRODUCT_NAME = "$(TARGET_NAME)";
				TEST_TARGET_NAME = PlistBuddy;
				USES_XCTRUNNER = YES;
			};
			name = Release;
		};
/* End XCBuildConfiguration section */

/* Begin XCConfigurationList section */
		8B6235A81CA1079B000EA32E /* Build configuration list for PBXProject "PlistBuddy" */ = {
			isa = XCConfigurationList;
			buildConfigurations = (
				8B6235D01CA1079B000EA32E /* Debug */,
				8B6235D11CA1079B000EA32E /* Release */,
			);
			defaultConfigurationIsVisible = 0;
			defaultConfigurationName = Release;
		};
		8B6235D21CA1079B000EA32E /* Build configuration list for PBXNativeTarget "PlistBuddy" */ = {
			isa = XCConfigurationList;
			buildConfigurations = (
				8B6235D31CA1079B000EA32E /* Debug */,
				8B6235D41CA1079B000EA32E /* Release */,
			);
			defaultConfigurationIsVisible = 0;
			defaultConfigurationName = Release;
		};
		8B6235D51CA1079B000EA32E /* Build configuration list for PBXNativeTarget "PlistBuddyTests" */ = {
			isa = XCConfigurationList;
			buildConfigurations = (
				8B6235D61CA1079B000EA32E /* Debug */,
				8B6235D71CA1079B000EA32E /* Release */,
			);
			defaultConfigurationIsVisible = 0;
			defaultConfigurationName = Release;
		};
		8B6235D81CA1079B000EA32E /* Build configuration list for PBXNativeTarget "PlistBuddyUITests" */ = {
			isa = XCConfigurationList;
			buildConfigurations = (
				8B6235D91CA1079B000EA32E /* Debug */,
				8B6235DA1CA1079B000EA32E /* Release */,
			);
			defaultConfigurationIsVisible = 0;
			defaultConfigurationName = Release;
		};
/* End XCConfigurationList section */
	};
	rootObject = 8B6235A51CA1079B000EA32E /* Project object */;
}
